
Microsoft Visual Studio Solution File, Format Version 12.00
# Visual Studio Version 17
VisualStudioVersion = 17.9.34714.143
MinimumVisualStudioVersion = 10.0.40219.1
Project("{FAE04EC0-301F-11D3-BF4B-00C04F79EFBC}") = "ApiECommerce", "ApiECommerce\ApiECommerce.csproj", "{AD76AA3F-BE62-4766-9E44-96E25D7E4219}"
EndProject
Global
	GlobalSection(SolutionConfigurationPlatforms) = preSolution
		Debug|Any CPU = Debug|Any CPU
		Release|Any CPU = Release|Any CPU
	EndGlobalSection
	GlobalSection(ProjectConfigurationPlatforms) = postSolution
		{AD76AA3F-BE62-4766-9E44-96E25D7E4219}.Debug|Any CPU.ActiveCfg = Debug|Any CPU
		{AD76AA3F-BE62-4766-9E44-96E25D7E4219}.Debug|Any CPU.Build.0 = Debug|Any CPU
		{AD76AA3F-BE62-4766-9E44-96E25D7E4219}.Release|Any CPU.ActiveCfg = Release|Any CPU
		{AD76AA3F-BE62-4766-9E44-96E25D7E4219}.Release|Any CPU.Build.0 = Release|Any CPU
	EndGlobalSection
	GlobalSection(SolutionProperties) = preSolution
		HideSolutionNode = FALSE
	EndGlobalSection
	GlobalSection(ExtensibilityGlobals) = postSolution
		SolutionGuid = {E965588D-E68E-4F08-9482-007013530DB1}
	EndGlobalSection
EndGlobal
